
Microsoft Visual Studio Solution File, Format Version 12.00
# Visual Studio 15
VisualStudioVersion = 15.0.28307.645
MinimumVisualStudioVersion = 10.0.40219.1
Project("{FAE04EC0-301F-11D3-BF4B-00C04F79EFBC}") = "LeituraArquivoCsv", "LeituraArquivoCsv\LeituraArquivoCsv.csproj", "{296C9462-7819-458D-BDF2-87B76D6F0214}"
EndProject
Global
	GlobalSection(SolutionConfigurationPlatforms) = preSolution
		Debug|Any CPU = Debug|Any CPU
		Release|Any CPU = Release|Any CPU
	EndGlobalSection
	GlobalSection(ProjectConfigurationPlatforms) = postSolution
		{296C9462-7819-458D-BDF2-87B76D6F0214}.Debug|Any CPU.ActiveCfg = Debug|Any CPU
		{296C9462-7819-458D-BDF2-87B76D6F0214}.Debug|Any CPU.Build.0 = Debug|Any CPU
		{296C9462-7819-458D-BDF2-87B76D6F0214}.Release|Any CPU.ActiveCfg = Release|Any CPU
		{296C9462-7819-458D-BDF2-87B76D6F0214}.Release|Any CPU.Build.0 = Release|Any CPU
	EndGlobalSection
	GlobalSection(SolutionProperties) = preSolution
		HideSolutionNode = FALSE
	EndGlobalSection
	GlobalSection(ExtensibilityGlobals) = postSolution
		SolutionGuid = {AC4D5B60-AF36-48B0-A52B-5B59215B9C6B}
	EndGlobalSection
EndGlobal
